// !$*UTF8*$!
{
	archiveVersion = 1;
	classes = {
	};
	objectVersion = 77;
	objects = {

/* Begin PBXContainerItemProxy section */
		7A9159FB2D51EB780094169C /* PBXContainerItemProxy */ = {
			isa = PBXContainerItemProxy;
			containerPortal = 7A9159E22D51EB740094169C /* Project object */;
			proxyType = 1;
			remoteGlobalIDString = 7A9159E92D51EB740094169C;
			remoteInfo = "California State Universities";
		};
		7A915A052D51EB780094169C /* PBXContainerItemProxy */ = {
			isa = PBXContainerItemProxy;
			containerPortal = 7A9159E22D51EB740094169C /* Project object */;
			proxyType = 1;
			remoteGlobalIDString = 7A9159E92D51EB740094169C;
			remoteInfo = "California State Universities";
		};
/* End PBXContainerItemProxy section */

/* Begin PBXFileReference section */
		7A9159EA2D51EB740094169C /* California State Universities.app */ = {isa = PBXFileReference; explicitFileType = wrapper.application; includeInIndex = 0; path = "California State Universities.app"; sourceTree = BUILT_PRODUCTS_DIR; };
		7A9159FA2D51EB780094169C /* California State UniversitiesTests.xctest */ = {isa = PBXFileReference; explicitFileType = wrapper.cfbundle; includeInIndex = 0; path = "California State UniversitiesTests.xctest"; sourceTree = BUILT_PRODUCTS_DIR; };
		7A915A042D51EB780094169C /* California State UniversitiesUITests.xctest */ = {isa = PBXFileReference; explicitFileType = wrapper.cfbundle; includeInIndex = 0; path = "California State UniversitiesUITests.xctest"; sourceTree = BUILT_PRODUCTS_DIR; };
/* End PBXFileReference section */

/* Begin PBXFileSystemSynchronizedRootGroup section */
		7A9159EC2D51EB740094169C /* California State Universities */ = {
			isa = PBXFileSystemSynchronizedRootGroup;
			path = "California State Universities";
			sourceTree = "<group>";
		};
		7A9159FD2D51EB780094169C /* California State UniversitiesTests */ = {
			isa = PBXFileSystemSynchronizedRootGroup;
			path = "California State UniversitiesTests";
			sourceTree = "<group>";
		};
		7A915A072D51EB780094169C /* California State UniversitiesUITests */ = {
			isa = PBXFileSystemSynchronizedRootGroup;
			path = "California State UniversitiesUITests";
			sourceTree = "<group>";
		};
/* End PBXFileSystemSynchronizedRootGroup section */

/* Begin PBXFrameworksBuildPhase section */
		7A9159E72D51EB740094169C /* Frameworks */ = {
			isa = PBXFrameworksBuildPhase;
			buildActionMask = 2147483647;
			files = (
			);
			runOnlyForDeploymentPostprocessing = 0;
		};
		7A9159F72D51EB780094169C /* Frameworks */ = {
			isa = PBXFrameworksBuildPhase;
			buildActionMask = 2147483647;
			files = (
			);
			runOnlyForDeploymentPostprocessing = 0;
		};
		7A915A012D51EB780094169C /* Frameworks */ = {
			isa = PBXFrameworksBuildPhase;
			buildActionMask = 2147483647;
			files = (
			);
			runOnlyForDeploymentPostprocessing = 0;
		};
/* End PBXFrameworksBuildPhase section */

/* Begin PBXGroup section */
		7A9159E12D51EB740094169C = {
			isa = PBXGroup;
			children = (
				7A9159EC2D51EB740094169C /* California State Universities */,
				7A9159FD2D51EB780094169C /* California State UniversitiesTests */,
				7A915A072D51EB780094169C /* California State UniversitiesUITests */,
				7A9159EB2D51EB740094169C /* Products */,
			);
			sourceTree = "<group>";
		};
		7A9159EB2D51EB740094169C /* Products */ = {
			isa = PBXGroup;
			children = (
				7A9159EA2D51EB740094169C /* California State Universities.app */,
				7A9159FA2D51EB780094169C /* California State UniversitiesTests.xctest */,
				7A915A042D51EB780094169C /* California State UniversitiesUITests.xctest */,
			);
			name = Products;
			sourceTree = "<group>";
		};
/* End PBXGroup section */

/* Begin PBXNativeTarget section */
		7A9159E92D51EB740094169C /* California State Universities */ = {
			isa = PBXNativeTarget;
			buildConfigurationList = 7A915A0E2D51EB780094169C /* Build configuration list for PBXNativeTarget "California State Universities" */;
			buildPhases = (
				7A9159E62D51EB740094169C /* Sources */,
				7A9159E72D51EB740094169C /* Frameworks */,
				7A9159E82D51EB740094169C /* Resources */,
			);
			buildRules = (
			);
			dependencies = (
			);
			fileSystemSynchronizedGroups = (
				7A9159EC2D51EB740094169C /* California State Universities */,
			);
			name = "California State Universities";
			packageProductDependencies = (
			);
			productName = "California State Universities";
			productReference = 7A9159EA2D51EB740094169C /* California State Universities.app */;
			productType = "com.apple.product-type.application";
		};
		7A9159F92D51EB780094169C /* California State UniversitiesTests */ = {
			isa = PBXNativeTarget;
			buildConfigurationList = 7A915A112D51EB780094169C /* Build configuration list for PBXNativeTarget "California State UniversitiesTests" */;
			buildPhases = (
				7A9159F62D51EB780094169C /* Sources */,
				7A9159F72D51EB780094169C /* Frameworks */,
				7A9159F82D51EB780094169C /* Resources */,
			);
			buildRules = (
			);
			dependencies = (
				7A9159FC2D51EB780094169C /* PBXTargetDependency */,
			);
			fileSystemSynchronizedGroups = (
				7A9159FD2D51EB780094169C /* California State UniversitiesTests */,
			);
			name = "California State UniversitiesTests";
			packageProductDependencies = (
			);
			productName = "California State UniversitiesTests";
			productReference = 7A9159FA2D51EB780094169C /* California State UniversitiesTests.xctest */;
			productType = "com.apple.product-type.bundle.unit-test";
		};
		7A915A032D51EB780094169C /* California State UniversitiesUITests */ = {
			isa = PBXNativeTarget;
			buildConfigurationList = 7A915A142D51EB780094169C /* Build configuration list for PBXNativeTarget "California State UniversitiesUITests" */;
			buildPhases = (
				7A915A002D51EB780094169C /* Sources */,
				7A915A012D51EB780094169C /* Frameworks */,
				7A915A022D51EB780094169C /* Resources */,
			);
			buildRules = (
			);
			dependencies = (
				7A915A062D51EB780094169C /* PBXTargetDependency */,
			);
			fileSystemSynchronizedGroups = (
				7A915A072D51EB780094169C /* California State UniversitiesUITests */,
			);
			name = "California State UniversitiesUITests";
			packageProductDependencies = (
			);
			productName = "California State UniversitiesUITests";
			productReference = 7A915A042D51EB780094169C /* California State UniversitiesUITests.xctest */;
			productType = "com.apple.product-type.bundle.ui-testing";
		};
/* End PBXNativeTarget section */

/* Begin PBXProject section */
		7A9159E22D51EB740094169C /* Project object */ = {
			isa = PBXProject;
			attributes = {
				BuildIndependentTargetsInParallel = 1;
				LastSwiftUpdateCheck = 1620;
				LastUpgradeCheck = 1620;
				TargetAttributes = {
					7A9159E92D51EB740094169C = {
						CreatedOnToolsVersion = 16.2;
					};
					7A9159F92D51EB780094169C = {
						CreatedOnToolsVersion = 16.2;
						TestTargetID = 7A9159E92D51EB740094169C;
					};
					7A915A032D51EB780094169C = {
						CreatedOnToolsVersion = 16.2;
						TestTargetID = 7A9159E92D51EB740094169C;
					};
				};
			};
			buildConfigurationList = 7A9159E52D51EB740094169C /* Build configuration list for PBXProject "California State Universities" */;
			developmentRegion = en;
			hasScannedForEncodings = 0;
			knownRegions = (
				en,
				Base,
			);
			mainGroup = 7A9159E12D51EB740094169C;
			minimizedProjectReferenceProxies = 1;
			preferredProjectObjectVersion = 77;
			productRefGroup = 7A9159EB2D51EB740094169C /* Products */;
			projectDirPath = "";
			projectRoot = "";
			targets = (
				7A9159E92D51EB740094169C /* California State Universities */,
				7A9159F92D51EB780094169C /* California State UniversitiesTests */,
				7A915A032D51EB780094169C /* California State UniversitiesUITests */,
			);
		};
/* End PBXProject section */

/* Begin PBXResourcesBuildPhase section */
		7A9159E82D51EB740094169C /* Resources */ = {
			isa = PBXResourcesBuildPhase;
			buildActionMask = 2147483647;
			files = (
			);
			runOnlyForDeploymentPostprocessing = 0;
		};
		7A9159F82D51EB780094169C /* Resources */ = {
			isa = PBXResourcesBuildPhase;
			buildActionMask = 2147483647;
			files = (
			);
			runOnlyForDeploymentPostprocessing = 0;
		};
		7A915A022D51EB780094169C /* Resources */ = {
			isa = PBXResourcesBuildPhase;
			buildActionMask = 2147483647;
			files = (
			);
			runOnlyForDeploymentPostprocessing = 0;
		};
/* End PBXResourcesBuildPhase section */

/* Begin PBXSourcesBuildPhase section */
		7A9159E62D51EB740094169C /* Sources */ = {
			isa = PBXSourcesBuildPhase;
			buildActionMask = 2147483647;
			files = (
			);
			runOnlyForDeploymentPostprocessing = 0;
		};
		7A9159F62D51EB780094169C /* Sources */ = {
			isa = PBXSourcesBuildPhase;
			buildActionMask = 2147483647;
			files = (
			);
			runOnlyForDeploymentPostprocessing = 0;
		};
		7A915A002D51EB780094169C /* Sources */ = {
			isa = PBXSourcesBuildPhase;
			buildActionMask = 2147483647;
			files = (
			);
			runOnlyForDeploymentPostprocessing = 0;
		};
/* End PBXSourcesBuildPhase section */

/* Begin PBXTargetDependency section */
		7A9159FC2D51EB780094169C /* PBXTargetDependency */ = {
			isa = PBXTargetDependency;
			target = 7A9159E92D51EB740094169C /* California State Universities */;
			targetProxy = 7A9159FB2D51EB780094169C /* PBXContainerItemProxy */;
		};
		7A915A062D51EB780094169C /* PBXTargetDependency */ = {
			isa = PBXTargetDependency;
			target = 7A9159E92D51EB740094169C /* California State Universities */;
			targetProxy = 7A915A052D51EB780094169C /* PBXContainerItemProxy */;
		};
/* End PBXTargetDependency section */

/* Begin XCBuildConfiguration section */
		7A915A0C2D51EB780094169C /* Debug */ = {
			isa = XCBuildConfiguration;
			buildSettings = {
				ALWAYS_SEARCH_USER_PATHS = NO;
				ASSETCATALOG_COMPILER_GENERATE_SWIFT_ASSET_SYMBOL_EXTENSIONS = YES;
				CLANG_ANALYZER_NONNULL = YES;
				CLANG_ANALYZER_NUMBER_OBJECT_CONVERSION = YES_AGGRESSIVE;
				CLANG_CXX_LANGUAGE_STANDARD = "gnu++20";
				CLANG_ENABLE_MODULES = YES;
				CLANG_ENABLE_OBJC_ARC = YES;
				CLANG_ENABLE_OBJC_WEAK = YES;
				CLANG_WARN_BLOCK_CAPTURE_AUTORELEASING = YES;
				CLANG_WARN_BOOL_CONVERSION = YES;
				CLANG_WARN_COMMA = YES;
				CLANG_WARN_CONSTANT_CONVERSION = YES;
				CLANG_WARN_DEPRECATED_OBJC_IMPLEMENTATIONS = YES;
				CLANG_WARN_DIRECT_OBJC_ISA_USAGE = YES_ERROR;
				CLANG_WARN_DOCUMENTATION_COMMENTS = YES;
				CLANG_WARN_EMPTY_BODY = YES;
				CLANG_WARN_ENUM_CONVERSION = YES;
				CLANG_WARN_INFINITE_RECURSION = YES;
				CLANG_WARN_INT_CONVERSION = YES;
				CLANG_WARN_NON_LITERAL_NULL_CONVERSION = YES;
				CLANG_WARN_OBJC_IMPLICIT_RETAIN_SELF = YES;
				CLANG_WARN_OBJC_LITERAL_CONVERSION = YES;
				CLANG_WARN_OBJC_ROOT_CLASS = YES_ERROR;
				CLANG_WARN_QUOTED_INCLUDE_IN_FRAMEWORK_HEADER = YES;
				CLANG_WARN_RANGE_LOOP_ANALYSIS = YES;
				CLANG_WARN_STRICT_PROTOTYPES = YES;
				CLANG_WARN_SUSPICIOUS_MOVE = YES;
				CLANG_WARN_UNGUARDED_AVAILABILITY = YES_AGGRESSIVE;
				CLANG_WARN_UNREACHABLE_CODE = YES;
				CLANG_WARN__DUPLICATE_METHOD_MATCH = YES;
				COPY_PHASE_STRIP = NO;
				DEBUG_INFORMATION_FORMAT = dwarf;
				ENABLE_STRICT_OBJC_MSGSEND = YES;
				ENABLE_TESTABILITY = YES;
				ENABLE_USER_SCRIPT_SANDBOXING = YES;
				GCC_C_LANGUAGE_STANDARD = gnu17;
				GCC_DYNAMIC_NO_PIC = NO;
				GCC_NO_COMMON_BLOCKS = YES;
				GCC_OPTIMIZATION_LEVEL = 0;
				GCC_PREPROCESSOR_DEFINITIONS = (
					"DEBUG=1",
					"$(inherited)",
				);
				GCC_WARN_64_TO_32_BIT_CONVERSION = YES;
				GCC_WARN_ABOUT_RETURN_TYPE = YES_ERROR;
				GCC_WARN_UNDECLARED_SELECTOR = YES;
				GCC_WARN_UNINITIALIZED_AUTOS = YES_AGGRESSIVE;
				GCC_WARN_UNUSED_FUNCTION = YES;
				GCC_WARN_UNUSED_VARIABLE = YES;
				IPHONEOS_DEPLOYMENT_TARGET = 18.2;
				LOCALIZATION_PREFERS_STRING_CATALOGS = YES;
				MTL_ENABLE_DEBUG_INFO = INCLUDE_SOURCE;
				MTL_FAST_MATH = YES;
				ONLY_ACTIVE_ARCH = YES;
				SDKROOT = iphoneos;
				SWIFT_ACTIVE_COMPILATION_CONDITIONS = "DEBUG $(inherited)";
				SWIFT_OPTIMIZATION_LEVEL = "-Onone";
			};
			name = Debug;
		};
		7A915A0D2D51EB780094169C /* Release */ = {
			isa = XCBuildConfiguration;
			buildSettings = {
				ALWAYS_SEARCH_USER_PATHS = NO;
				ASSETCATALOG_COMPILER_GENERATE_SWIFT_ASSET_SYMBOL_EXTENSIONS = YES;
				CLANG_ANALYZER_NONNULL = YES;
				CLANG_ANALYZER_NUMBER_OBJECT_CONVERSION = YES_AGGRESSIVE;
				CLANG_CXX_LANGUAGE_STANDARD = "gnu++20";
				CLANG_ENABLE_MODULES = YES;
				CLANG_ENABLE_OBJC_ARC = YES;
				CLANG_ENABLE_OBJC_WEAK = YES;
				CLANG_WARN_BLOCK_CAPTURE_AUTORELEASING = YES;
				CLANG_WARN_BOOL_CONVERSION = YES;
				CLANG_WARN_COMMA = YES;
				CLANG_WARN_CONSTANT_CONVERSION = YES;
				CLANG_WARN_DEPRECATED_OBJC_IMPLEMENTATIONS = YES;
				CLANG_WARN_DIRECT_OBJC_ISA_USAGE = YES_ERROR;
				CLANG_WARN_DOCUMENTATION_COMMENTS = YES;
				CLANG_WARN_EMPTY_BODY = YES;
				CLANG_WARN_ENUM_CONVERSION = YES;
				CLANG_WARN_INFINITE_RECURSION = YES;
				CLANG_WARN_INT_CONVERSION = YES;
				CLANG_WARN_NON_LITERAL_NULL_CONVERSION = YES;
				CLANG_WARN_OBJC_IMPLICIT_RETAIN_SELF = YES;
				CLANG_WARN_OBJC_LITERAL_CONVERSION = YES;
				CLANG_WARN_OBJC_ROOT_CLASS = YES_ERROR;
				CLANG_WARN_QUOTED_INCLUDE_IN_FRAMEWORK_HEADER = YES;
				CLANG_WARN_RANGE_LOOP_ANALYSIS = YES;
				CLANG_WARN_STRICT_PROTOTYPES = YES;
				CLANG_WARN_SUSPICIOUS_MOVE = YES;
				CLANG_WARN_UNGUARDED_AVAILABILITY = YES_AGGRESSIVE;
				CLANG_WARN_UNREACHABLE_CODE = YES;
				CLANG_WARN__DUPLICATE_METHOD_MATCH = YES;
				COPY_PHASE_STRIP = NO;
				DEBUG_INFORMATION_FORMAT = "dwarf-with-dsym";
				ENABLE_NS_ASSERTIONS = NO;
				ENABLE_STRICT_OBJC_MSGSEND = YES;
				ENABLE_USER_SCRIPT_SANDBOXING = YES;
				GCC_C_LANGUAGE_STANDARD = gnu17;
				GCC_NO_COMMON_BLOCKS = YES;
				GCC_WARN_64_TO_32_BIT_CONVERSION = YES;
				GCC_WARN_ABOUT_RETURN_TYPE = YES_ERROR;
				GCC_WARN_UNDECLARED_SELECTOR = YES;
				GCC_WARN_UNINITIALIZED_AUTOS = YES_AGGRESSIVE;
				GCC_WARN_UNUSED_FUNCTION = YES;
				GCC_WARN_UNUSED_VARIABLE = YES;
				IPHONEOS_DEPLOYMENT_TARGET = 18.2;
				LOCALIZATION_PREFERS_STRING_CATALOGS = YES;
				MTL_ENABLE_DEBUG_INFO = NO;
				MTL_FAST_MATH = YES;
				SDKROOT = iphoneos;
				SWIFT_COMPILATION_MODE = wholemodule;
				VALIDATE_PRODUCT = YES;
			};
			name = Release;
		};
		7A915A0F2D51EB780094169C /* Debug */ = {
			isa = XCBuildConfiguration;
			buildSettings = {
				ASSETCATALOG_COMPILER_APPICON_NAME = AppIcon;
				ASSETCATALOG_COMPILER_GLOBAL_ACCENT_COLOR_NAME = AccentColor;
				CODE_SIGN_STYLE = Automatic;
				CURRENT_PROJECT_VERSION = 1;
				DEVELOPMENT_ASSET_PATHS = "\"California State Universities/Preview Content\"";
				DEVELOPMENT_TEAM = U3397XWQ37;
				ENABLE_PREVIEWS = YES;
				GENERATE_INFOPLIST_FILE = YES;
				INFOPLIST_KEY_UIApplicationSceneManifest_Generation = YES;
				INFOPLIST_KEY_UIApplicationSupportsIndirectInputEvents = YES;
				INFOPLIST_KEY_UILaunchScreen_Generation = YES;
				INFOPLIST_KEY_UISupportedInterfaceOrientations_iPad = "UIInterfaceOrientationPortrait UIInterfaceOrientationPortraitUpsideDown UIInterfaceOrientationLandscapeLeft UIInterfaceOrientationLandscapeRight";
				INFOPLIST_KEY_UISupportedInterfaceOrientations_iPhone = "UIInterfaceOrientationPortrait UIInterfaceOrientationLandscapeLeft UIInterfaceOrientationLandscapeRight";
				LD_RUNPATH_SEARCH_PATHS = (
					"$(inherited)",
					"@executable_path/Frameworks",
				);
				MARKETING_VERSION = 1.0;
				PRODUCT_BUNDLE_IDENTIFIER = "AppleTutorial.California-State-Universities";
				PRODUCT_NAME = "$(TARGET_NAME)";
				SWIFT_EMIT_LOC_STRINGS = YES;
				SWIFT_VERSION = 5.0;
				TARGETED_DEVICE_FAMILY = "1,2";
			};
			name = Debug;
		};
		7A915A102D51EB780094169C /* Release */ = {
			isa = XCBuildConfiguration;
			buildSettings = {
				ASSETCATALOG_COMPILER_APPICON_NAME = AppIcon;
				ASSETCATALOG_COMPILER_GLOBAL_ACCENT_COLOR_NAME = AccentColor;
				CODE_SIGN_STYLE = Automatic;
				CURRENT_PROJECT_VERSION = 1;
				DEVELOPMENT_ASSET_PATHS = "\"California State Universities/Preview Content\"";
				DEVELOPMENT_TEAM = U3397XWQ37;
				ENABLE_PREVIEWS = YES;
				GENERATE_INFOPLIST_FILE = YES;
				INFOPLIST_KEY_UIApplicationSceneManifest_Generation = YES;
				INFOPLIST_KEY_UIApplicationSupportsIndirectInputEvents = YES;
				INFOPLIST_KEY_UILaunchScreen_Generation = YES;
				INFOPLIST_KEY_UISupportedInterfaceOrientations_iPad = "UIInterfaceOrientationPortrait UIInterfaceOrientationPortraitUpsideDown UIInterfaceOrientationLandscapeLeft UIInterfaceOrientationLandscapeRight";
				INFOPLIST_KEY_UISupportedInterfaceOrientations_iPhone = "UIInterfaceOrientationPortrait UIInterfaceOrientationLandscapeLeft UIInterfaceOrientationLandscapeRight";
				LD_RUNPATH_SEARCH_PATHS = (
					"$(inherited)",
					"@executable_path/Frameworks",
				);
				MARKETING_VERSION = 1.0;
				PRODUCT_BUNDLE_IDENTIFIER = "AppleTutorial.California-State-Universities";
				PRODUCT_NAME = "$(TARGET_NAME)";
				SWIFT_EMIT_LOC_STRINGS = YES;
				SWIFT_VERSION = 5.0;
				TARGETED_DEVICE_FAMILY = "1,2";
			};
			name = Release;
		};
		7A915A122D51EB780094169C /* Debug */ = {
			isa = XCBuildConfiguration;
			buildSettings = {
				BUNDLE_LOADER = "$(TEST_HOST)";
				CODE_SIGN_STYLE = Automatic;
				CURRENT_PROJECT_VERSION = 1;
				DEVELOPMENT_TEAM = U3397XWQ37;
				GENERATE_INFOPLIST_FILE = YES;
				IPHONEOS_DEPLOYMENT_TARGET = 18.2;
				MARKETING_VERSION = 1.0;
				PRODUCT_BUNDLE_IDENTIFIER = "AppleTutorial.California-State-UniversitiesTests";
				PRODUCT_NAME = "$(TARGET_NAME)";
				SWIFT_EMIT_LOC_STRINGS = NO;
				SWIFT_VERSION = 5.0;
				TARGETED_DEVICE_FAMILY = "1,2";
				TEST_HOST = "$(BUILT_PRODUCTS_DIR)/California State Universities.app/$(BUNDLE_EXECUTABLE_FOLDER_PATH)/California State Universities";
			};
			name = Debug;
		};
		7A915A132D51EB780094169C /* Release */ = {
			isa = XCBuildConfiguration;
			buildSettings = {
				BUNDLE_LOADER = "$(TEST_HOST)";
				CODE_SIGN_STYLE = Automatic;
				CURRENT_PROJECT_VERSION = 1;
				DEVELOPMENT_TEAM = U3397XWQ37;
				GENERATE_INFOPLIST_FILE = YES;
				IPHONEOS_DEPLOYMENT_TARGET = 18.2;
				MARKETING_VERSION = 1.0;
				PRODUCT_BUNDLE_IDENTIFIER = "AppleTutorial.California-State-UniversitiesTests";
				PRODUCT_NAME = "$(TARGET_NAME)";
				SWIFT_EMIT_LOC_STRINGS = NO;
				SWIFT_VERSION = 5.0;
				TARGETED_DEVICE_FAMILY = "1,2";
				TEST_HOST = "$(BUILT_PRODUCTS_DIR)/California State Universities.app/$(BUNDLE_EXECUTABLE_FOLDER_PATH)/California State Universities";
			};
			name = Release;
		};
		7A915A152D51EB780094169C /* Debug */ = {
			isa = XCBuildConfiguration;
			buildSettings = {
				CODE_SIGN_STYLE = Automatic;
				CURRENT_PROJECT_VERSION = 1;
				DEVELOPMENT_TEAM = U3397XWQ37;
				GENERATE_INFOPLIST_FILE = YES;
				MARKETING_VERSION = 1.0;
				PRODUCT_BUNDLE_IDENTIFIER = "AppleTutorial.California-State-UniversitiesUITests";
				PRODUCT_NAME = "$(TARGET_NAME)";
				SWIFT_EMIT_LOC_STRINGS = NO;
				SWIFT_VERSION = 5.0;
				TARGETED_DEVICE_FAMILY = "1,2";
				TEST_TARGET_NAME = "California State Universities";
			};
			name = Debug;
		};
		7A915A162D51EB780094169C /* Release */ = {
			isa = XCBuildConfiguration;
			buildSettings = {
				CODE_SIGN_STYLE = Automatic;
				CURRENT_PROJECT_VERSION = 1;
				DEVELOPMENT_TEAM = U3397XWQ37;
				GENERATE_INFOPLIST_FILE = YES;
				MARKETING_VERSION = 1.0;
				PRODUCT_BUNDLE_IDENTIFIER = "AppleTutorial.California-State-UniversitiesUITests";
				PRODUCT_NAME = "$(TARGET_NAME)";
				SWIFT_EMIT_LOC_STRINGS = NO;
				SWIFT_VERSION = 5.0;
				TARGETED_DEVICE_FAMILY = "1,2";
				TEST_TARGET_NAME = "California State Universities";
			};
			name = Release;
		};
/* End XCBuildConfiguration section */

/* Begin XCConfigurationList section */
		7A9159E52D51EB740094169C /* Build configuration list for PBXProject "California State Universities" */ = {
			isa = XCConfigurationList;
			buildConfigurations = (
				7A915A0C2D51EB780094169C /* Debug */,
				7A915A0D2D51EB780094169C /* Release */,
			);
			defaultConfigurationIsVisible = 0;
			defaultConfigurationName = Release;
		};
		7A915A0E2D51EB780094169C /* Build configuration list for PBXNativeTarget "California State Universities" */ = {
			isa = XCConfigurationList;
			buildConfigurations = (
				7A915A0F2D51EB780094169C /* Debug */,
				7A915A102D51EB780094169C /* Release */,
			);
			defaultConfigurationIsVisible = 0;
			defaultConfigurationName = Release;
		};
		7A915A112D51EB780094169C /* Build configuration list for PBXNativeTarget "California State UniversitiesTests" */ = {
			isa = XCConfigurationList;
			buildConfigurations = (
				7A915A122D51EB780094169C /* Debug */,
				7A915A132D51EB780094169C /* Release */,
			);
			defaultConfigurationIsVisible = 0;
			defaultConfigurationName = Release;
		};
		7A915A142D51EB780094169C /* Build configuration list for PBXNativeTarget "California State UniversitiesUITests" */ = {
			isa = XCConfigurationList;
			buildConfigurations = (
				7A915A152D51EB780094169C /* Debug */,
				7A915A162D51EB780094169C /* Release */,
			);
			defaultConfigurationIsVisible = 0;
			defaultConfigurationName = Release;
		};
/* End XCConfigurationList section */
	};
	rootObject = 7A9159E22D51EB740094169C /* Project object */;
}
